
Microsoft Visual Studio Solution File, Format Version 12.00
# Visual Studio Version 17
VisualStudioVersion = 17.1.32210.238
MinimumVisualStudioVersion = 10.0.40219.1
Project("{2150E333-8FDC-42A3-9474-1A3956D46DE8}") = "50.SmartParking.UnitTest", "50.SmartParking.UnitTest", "{207FD1FA-14B0-4389-AA79-2C3CD20C67A4}"
EndProject
Project("{2150E333-8FDC-42A3-9474-1A3956D46DE8}") = "00.SmartParking.Share", "00.SmartParking.Share", "{AFFFDC9A-ED26-4732-8400-02A01DC9D871}"
EndProject
Project("{2150E333-8FDC-42A3-9474-1A3956D46DE8}") = "30.SmartParking.EFCore", "30.SmartParking.EFCore", "{73421F4B-6890-4770-9F53-EF54458A839A}"
EndProject
Project("{2150E333-8FDC-42A3-9474-1A3956D46DE8}") = "40.SmartParking.Server", "40.SmartParking.Server", "{A0D30F96-E68E-4399-AA74-4325D15DEA14}"
EndProject
Project("{2150E333-8FDC-42A3-9474-1A3956D46DE8}") = "10.SmartParking.Infrastructure", "10.SmartParking.Infrastructure", "{A943974F-6A3F-45F1-9FA5-4AD43428C95D}"
EndProject
Project("{2150E333-8FDC-42A3-9474-1A3956D46DE8}") = "20.SmartParking.Auth", "20.SmartParking.Auth", "{F5E11392-64DD-47E9-9723-37A188518170}"
EndProject
Project("{9A19103F-16F7-4668-BE54-9A1E7A4F7556}") = "01.SmartParking.Share", "00.SmartParking.Share\01.SmartParking.Share\01.SmartParking.Share.csproj", "{6EB2C79E-495C-41C8-9494-5C5CF87F6426}"
EndProject
Project("{9A19103F-16F7-4668-BE54-9A1E7A4F7556}") = "02.SmartParking.Share.AppHelper", "00.SmartParking.Share\02.SmartParking.Share.AppHelper\02.SmartParking.Share.AppHelper.csproj", "{0F2AE8C1-8B4D-412E-9770-EFF80A773BFB}"
EndProject
Project("{9A19103F-16F7-4668-BE54-9A1E7A4F7556}") = "03.SmartParking.Share.RabbitMQHelper", "00.SmartParking.Share\03.SmartParking.Share.RabbitMQHelper\03.SmartParking.Share.RabbitMQHelper.csproj", "{D838523B-9DAD-404F-9300-52D693A84989}"
EndProject
Project("{9A19103F-16F7-4668-BE54-9A1E7A4F7556}") = "04.SmartParking.Share.RedisHelper", "00.SmartParking.Share\04.SmartParking.Share.RedisHelper\04.SmartParking.Share.RedisHelper.csproj", "{85F45D21-DAD8-4AE7-B5D4-94916691A23E}"
EndProject
Project("{9A19103F-16F7-4668-BE54-9A1E7A4F7556}") = "05.SmartParking.Share.WebApi", "00.SmartParking.Share\05.SmartParking.Share.WebApi\05.SmartParking.Share.WebApi.csproj", "{3358D0E0-E390-4EDB-90CB-FED512DEDB3A}"
EndProject
Project("{9A19103F-16F7-4668-BE54-9A1E7A4F7556}") = "11.SmartParking.Infrastructure.ApiGateWay", "10.SmartParking.Infrastructure\11.SmartParking.Infrastructure.ApiGateWay\11.SmartParking.Infrastructure.ApiGateWay.csproj", "{D160AC1E-E425-4438-97D1-158389E90A0F}"
EndProject
Project("{9A19103F-16F7-4668-BE54-9A1E7A4F7556}") = "21.SmartParking.Auth.IdentityServer", "20.SmartParking.Auth\21.SmartParking.Auth.IdentityServer\21.SmartParking.Auth.IdentityServer.csproj", "{7DB3A640-1095-4A0F-B255-EE8313CDB087}"
EndProject
Project("{9A19103F-16F7-4668-BE54-9A1E7A4F7556}") = "31.SmartParking.EFCore.EntityFramework", "30.SmartParking.EFCore\31.SmartParking.EFCore.EntityFramework\31.SmartParking.EFCore.EntityFramework.csproj", "{B6BA84F9-5813-47F6-844D-E337FDC4014F}"
EndProject
Project("{9A19103F-16F7-4668-BE54-9A1E7A4F7556}") = "41.SmartParking.Server.Const", "40.SmartParking.Server\41.SmartParking.Server.Const\41.SmartParking.Server.Const.csproj", "{ADEDC479-DB2A-40D2-83DA-0E1A9D5C337A}"
EndProject
Project("{9A19103F-16F7-4668-BE54-9A1E7A4F7556}") = "42.SmartParking.Server.Service", "40.SmartParking.Server\42.SmartParking.Server.Service\42.SmartParking.Server.Service.csproj", "{05CF1580-ED3D-4A65-8B78-3DA7FE2C8B75}"
EndProject
Project("{9A19103F-16F7-4668-BE54-9A1E7A4F7556}") = "43.SmartParking.Server.WebApi", "40.SmartParking.Server\43.SmartParking.Server.WebApi\43.SmartParking.Server.WebApi.csproj", "{BB250743-765E-4237-8C25-19BDBAF857A4}"
EndProject
Project("{9A19103F-16F7-4668-BE54-9A1E7A4F7556}") = "51.SmartParking.UnitTest.ServiceTests", "50.SmartParking.UnitTest\51.SmartParking.UnitTest.ServiceTests\51.SmartParking.UnitTest.ServiceTests.csproj", "{8624FDFD-7871-4078-BBD6-FFF86C1BF689}"
EndProject
Global
	GlobalSection(SolutionConfigurationPlatforms) = preSolution
		Debug|Any CPU = Debug|Any CPU
		Release|Any CPU = Release|Any CPU
	EndGlobalSection
	GlobalSection(ProjectConfigurationPlatforms) = postSolution
		{6EB2C79E-495C-41C8-9494-5C5CF87F6426}.Debug|Any CPU.ActiveCfg = Debug|Any CPU
		{6EB2C79E-495C-41C8-9494-5C5CF87F6426}.Debug|Any CPU.Build.0 = Debug|Any CPU
		{6EB2C79E-495C-41C8-9494-5C5CF87F6426}.Release|Any CPU.ActiveCfg = Release|Any CPU
		{6EB2C79E-495C-41C8-9494-5C5CF87F6426}.Release|Any CPU.Build.0 = Release|Any CPU
		{0F2AE8C1-8B4D-412E-9770-EFF80A773BFB}.Debug|Any CPU.ActiveCfg = Debug|Any CPU
		{0F2AE8C1-8B4D-412E-9770-EFF80A773BFB}.Debug|Any CPU.Build.0 = Debug|Any CPU
		{0F2AE8C1-8B4D-412E-9770-EFF80A773BFB}.Release|Any CPU.ActiveCfg = Release|Any CPU
		{0F2AE8C1-8B4D-412E-9770-EFF80A773BFB}.Release|Any CPU.Build.0 = Release|Any CPU
		{D838523B-9DAD-404F-9300-52D693A84989}.Debug|Any CPU.ActiveCfg = Debug|Any CPU
		{D838523B-9DAD-404F-9300-52D693A84989}.Debug|Any CPU.Build.0 = Debug|Any CPU
		{D838523B-9DAD-404F-9300-52D693A84989}.Release|Any CPU.ActiveCfg = Release|Any CPU
		{D838523B-9DAD-404F-9300-52D693A84989}.Release|Any CPU.Build.0 = Release|Any CPU
		{85F45D21-DAD8-4AE7-B5D4-94916691A23E}.Debug|Any CPU.ActiveCfg = Debug|Any CPU
		{85F45D21-DAD8-4AE7-B5D4-94916691A23E}.Debug|Any CPU.Build.0 = Debug|Any CPU
		{85F45D21-DAD8-4AE7-B5D4-94916691A23E}.Release|Any CPU.ActiveCfg = Release|Any CPU
		{85F45D21-DAD8-4AE7-B5D4-94916691A23E}.Release|Any CPU.Build.0 = Release|Any CPU
		{3358D0E0-E390-4EDB-90CB-FED512DEDB3A}.Debug|Any CPU.ActiveCfg = Debug|Any CPU
		{3358D0E0-E390-4EDB-90CB-FED512DEDB3A}.Debug|Any CPU.Build.0 = Debug|Any CPU
		{3358D0E0-E390-4EDB-90CB-FED512DEDB3A}.Release|Any CPU.ActiveCfg = Release|Any CPU
		{3358D0E0-E390-4EDB-90CB-FED512DEDB3A}.Release|Any CPU.Build.0 = Release|Any CPU
		{D160AC1E-E425-4438-97D1-158389E90A0F}.Debug|Any CPU.ActiveCfg = Debug|Any CPU
		{D160AC1E-E425-4438-97D1-158389E90A0F}.Debug|Any CPU.Build.0 = Debug|Any CPU
		{D160AC1E-E425-4438-97D1-158389E90A0F}.Release|Any CPU.ActiveCfg = Release|Any CPU
		{D160AC1E-E425-4438-97D1-158389E90A0F}.Release|Any CPU.Build.0 = Release|Any CPU
		{7DB3A640-1095-4A0F-B255-EE8313CDB087}.Debug|Any CPU.ActiveCfg = Debug|Any CPU
		{7DB3A640-1095-4A0F-B255-EE8313CDB087}.Debug|Any CPU.Build.0 = Debug|Any CPU
		{7DB3A640-1095-4A0F-B255-EE8313CDB087}.Release|Any CPU.ActiveCfg = Release|Any CPU
		{7DB3A640-1095-4A0F-B255-EE8313CDB087}.Release|Any CPU.Build.0 = Release|Any CPU
		{B6BA84F9-5813-47F6-844D-E337FDC4014F}.Debug|Any CPU.ActiveCfg = Debug|Any CPU
		{B6BA84F9-5813-47F6-844D-E337FDC4014F}.Debug|Any CPU.Build.0 = Debug|Any CPU
		{B6BA84F9-5813-47F6-844D-E337FDC4014F}.Release|Any CPU.ActiveCfg = Release|Any CPU
		{B6BA84F9-5813-47F6-844D-E337FDC4014F}.Release|Any CPU.Build.0 = Release|Any CPU
		{ADEDC479-DB2A-40D2-83DA-0E1A9D5C337A}.Debug|Any CPU.ActiveCfg = Debug|Any CPU
		{ADEDC479-DB2A-40D2-83DA-0E1A9D5C337A}.Debug|Any CPU.Build.0 = Debug|Any CPU
		{ADEDC479-DB2A-40D2-83DA-0E1A9D5C337A}.Release|Any CPU.ActiveCfg = Release|Any CPU
		{ADEDC479-DB2A-40D2-83DA-0E1A9D5C337A}.Release|Any CPU.Build.0 = Release|Any CPU
		{05CF1580-ED3D-4A65-8B78-3DA7FE2C8B75}.Debug|Any CPU.ActiveCfg = Debug|Any CPU
		{05CF1580-ED3D-4A65-8B78-3DA7FE2C8B75}.Debug|Any CPU.Build.0 = Debug|Any CPU
		{05CF1580-ED3D-4A65-8B78-3DA7FE2C8B75}.Release|Any CPU.ActiveCfg = Release|Any CPU
		{05CF1580-ED3D-4A65-8B78-3DA7FE2C8B75}.Release|Any CPU.Build.0 = Release|Any CPU
		{BB250743-765E-4237-8C25-19BDBAF857A4}.Debug|Any CPU.ActiveCfg = Debug|Any CPU
		{BB250743-765E-4237-8C25-19BDBAF857A4}.Debug|Any CPU.Build.0 = Debug|Any CPU
		{BB250743-765E-4237-8C25-19BDBAF857A4}.Release|Any CPU.ActiveCfg = Release|Any CPU
		{BB250743-765E-4237-8C25-19BDBAF857A4}.Release|Any CPU.Build.0 = Release|Any CPU
		{8624FDFD-7871-4078-BBD6-FFF86C1BF689}.Debug|Any CPU.ActiveCfg = Debug|Any CPU
		{8624FDFD-7871-4078-BBD6-FFF86C1BF689}.Debug|Any CPU.Build.0 = Debug|Any CPU
		{8624FDFD-7871-4078-BBD6-FFF86C1BF689}.Release|Any CPU.ActiveCfg = Release|Any CPU
		{8624FDFD-7871-4078-BBD6-FFF86C1BF689}.Release|Any CPU.Build.0 = Release|Any CPU
	EndGlobalSection
	GlobalSection(SolutionProperties) = preSolution
		HideSolutionNode = FALSE
	EndGlobalSection
	GlobalSection(NestedProjects) = preSolution
		{6EB2C79E-495C-41C8-9494-5C5CF87F6426} = {AFFFDC9A-ED26-4732-8400-02A01DC9D871}
		{0F2AE8C1-8B4D-412E-9770-EFF80A773BFB} = {AFFFDC9A-ED26-4732-8400-02A01DC9D871}
		{D838523B-9DAD-404F-9300-52D693A84989} = {AFFFDC9A-ED26-4732-8400-02A01DC9D871}
		{85F45D21-DAD8-4AE7-B5D4-94916691A23E} = {AFFFDC9A-ED26-4732-8400-02A01DC9D871}
		{3358D0E0-E390-4EDB-90CB-FED512DEDB3A} = {AFFFDC9A-ED26-4732-8400-02A01DC9D871}
		{D160AC1E-E425-4438-97D1-158389E90A0F} = {A943974F-6A3F-45F1-9FA5-4AD43428C95D}
		{7DB3A640-1095-4A0F-B255-EE8313CDB087} = {F5E11392-64DD-47E9-9723-37A188518170}
		{B6BA84F9-5813-47F6-844D-E337FDC4014F} = {73421F4B-6890-4770-9F53-EF54458A839A}
		{ADEDC479-DB2A-40D2-83DA-0E1A9D5C337A} = {A0D30F96-E68E-4399-AA74-4325D15DEA14}
		{05CF1580-ED3D-4A65-8B78-3DA7FE2C8B75} = {A0D30F96-E68E-4399-AA74-4325D15DEA14}
		{BB250743-765E-4237-8C25-19BDBAF857A4} = {A0D30F96-E68E-4399-AA74-4325D15DEA14}
		{8624FDFD-7871-4078-BBD6-FFF86C1BF689} = {207FD1FA-14B0-4389-AA79-2C3CD20C67A4}
	EndGlobalSection
	GlobalSection(ExtensibilityGlobals) = postSolution
		SolutionGuid = {682437BF-D96A-4E1B-A0E6-B1170026D725}
	EndGlobalSection
EndGlobal
